// !$*UTF8*$!
{
	archiveVersion = 1;
	classes = {
	};
	objectVersion = 51;
	objects = {

/* Begin PBXBuildFile section */
		18115AA1249E3EDD0008474F /* AppDelegate.swift in Sources */ = {isa = PBXBuildFile; fileRef = 18115AA0249E3EDD0008474F /* AppDelegate.swift */; };
		18115AA3249E3EDD0008474F /* SceneDelegate.swift in Sources */ = {isa = PBXBuildFile; fileRef = 18115AA2249E3EDD0008474F /* SceneDelegate.swift */; };
		18115AA8249E3EDD0008474F /* Main.storyboard in Resources */ = {isa = PBXBuildFile; fileRef = 18115AA6249E3EDD0008474F /* Main.storyboard */; };
		18115AAA249E3EDF0008474F /* Assets.xcassets in Resources */ = {isa = PBXBuildFile; fileRef = 18115AA9249E3EDF0008474F /* Assets.xcassets */; };
		18115AAD249E3EDF0008474F /* LaunchScreen.storyboard in Resources */ = {isa = PBXBuildFile; fileRef = 18115AAB249E3EDF0008474F /* LaunchScreen.storyboard */; };
		18115ABB249E41100008474F /* ConversationsViewController.swift in Sources */ = {isa = PBXBuildFile; fileRef = 18115ABA249E41100008474F /* ConversationsViewController.swift */; };
		18115AC1249E41BC0008474F /* PhotoViewerViewController.swift in Sources */ = {isa = PBXBuildFile; fileRef = 18115AC0249E41BC0008474F /* PhotoViewerViewController.swift */; };
		18115AC3249E41D00008474F /* VideoPlayerViewController.swift in Sources */ = {isa = PBXBuildFile; fileRef = 18115AC2249E41D00008474F /* VideoPlayerViewController.swift */; };
		18115AC5249E42010008474F /* NewConversationViewController.swift in Sources */ = {isa = PBXBuildFile; fileRef = 18115AC4249E42010008474F /* NewConversationViewController.swift */; };
		18115AC7249E421C0008474F /* ProfileViewController.swift in Sources */ = {isa = PBXBuildFile; fileRef = 18115AC6249E421C0008474F /* ProfileViewController.swift */; };
		18115ACA249E437D0008474F /* LoginViewController.swift in Sources */ = {isa = PBXBuildFile; fileRef = 18115AC9249E437D0008474F /* LoginViewController.swift */; };
		18115ACC249E439C0008474F /* RegisterViewController.swift in Sources */ = {isa = PBXBuildFile; fileRef = 18115ACB249E439C0008474F /* RegisterViewController.swift */; };
		18115ACE249E472F0008474F /* Extensions.swift in Sources */ = {isa = PBXBuildFile; fileRef = 18115ACD249E472F0008474F /* Extensions.swift */; };
		1816BB9D24A4F23000EBD3E9 /* ChatViewController.swift in Sources */ = {isa = PBXBuildFile; fileRef = 1816BB9C24A4F23000EBD3E9 /* ChatViewController.swift */; };
		18C2DADA249F29C8006298E8 /* GoogleService-Info.plist in Resources */ = {isa = PBXBuildFile; fileRef = 18C2DAD9249F29C8006298E8 /* GoogleService-Info.plist */; };
		18C2DADC249F3A8D006298E8 /* DatabaseManager.swift in Sources */ = {isa = PBXBuildFile; fileRef = 18C2DADB249F3A8D006298E8 /* DatabaseManager.swift */; };
		812D4ED9F8923302E46C010D /* Pods_Messenger.framework in Frameworks */ = {isa = PBXBuildFile; fileRef = EEE887990D092ADF931FD6E5 /* Pods_Messenger.framework */; };
/* End PBXBuildFile section */

/* Begin PBXFileReference section */
		18115A9D249E3EDD0008474F /* Messenger.app */ = {isa = PBXFileReference; explicitFileType = wrapper.application; includeInIndex = 0; path = Messenger.app; sourceTree = BUILT_PRODUCTS_DIR; };
		18115AA0249E3EDD0008474F /* AppDelegate.swift */ = {isa = PBXFileReference; lastKnownFileType = sourcecode.swift; path = AppDelegate.swift; sourceTree = "<group>"; };
		18115AA2249E3EDD0008474F /* SceneDelegate.swift */ = {isa = PBXFileReference; lastKnownFileType = sourcecode.swift; path = SceneDelegate.swift; sourceTree = "<group>"; };
		18115AA7249E3EDD0008474F /* Base */ = {isa = PBXFileReference; lastKnownFileType = file.storyboard; name = Base; path = Base.lproj/Main.storyboard; sourceTree = "<group>"; };
		18115AA9249E3EDF0008474F /* Assets.xcassets */ = {isa = PBXFileReference; lastKnownFileType = folder.assetcatalog; path = Assets.xcassets; sourceTree = "<group>"; };
		18115AAC249E3EDF0008474F /* Base */ = {isa = PBXFileReference; lastKnownFileType = file.storyboard; name = Base; path = Base.lproj/LaunchScreen.storyboard; sourceTree = "<group>"; };
		18115AAE249E3EDF0008474F /* Info.plist */ = {isa = PBXFileReference; lastKnownFileType = text.plist.xml; path = Info.plist; sourceTree = "<group>"; };
		18115ABA249E41100008474F /* ConversationsViewController.swift */ = {isa = PBXFileReference; lastKnownFileType = sourcecode.swift; path = ConversationsViewController.swift; sourceTree = "<group>"; };
		18115AC0249E41BC0008474F /* PhotoViewerViewController.swift */ = {isa = PBXFileReference; lastKnownFileType = sourcecode.swift; path = PhotoViewerViewController.swift; sourceTree = "<group>"; };
		18115AC2249E41D00008474F /* VideoPlayerViewController.swift */ = {isa = PBXFileReference; lastKnownFileType = sourcecode.swift; path = VideoPlayerViewController.swift; sourceTree = "<group>"; };
		18115AC4249E42010008474F /* NewConversationViewController.swift */ = {isa = PBXFileReference; lastKnownFileType = sourcecode.swift; path = NewConversationViewController.swift; sourceTree = "<group>"; };
		18115AC6249E421C0008474F /* ProfileViewController.swift */ = {isa = PBXFileReference; lastKnownFileType = sourcecode.swift; path = ProfileViewController.swift; sourceTree = "<group>"; };
		18115AC9249E437D0008474F /* LoginViewController.swift */ = {isa = PBXFileReference; lastKnownFileType = sourcecode.swift; path = LoginViewController.swift; sourceTree = "<group>"; };
		18115ACB249E439C0008474F /* RegisterViewController.swift */ = {isa = PBXFileReference; lastKnownFileType = sourcecode.swift; path = RegisterViewController.swift; sourceTree = "<group>"; };
		18115ACD249E472F0008474F /* Extensions.swift */ = {isa = PBXFileReference; lastKnownFileType = sourcecode.swift; path = Extensions.swift; sourceTree = "<group>"; };
		1816BB9C24A4F23000EBD3E9 /* ChatViewController.swift */ = {isa = PBXFileReference; lastKnownFileType = sourcecode.swift; path = ChatViewController.swift; sourceTree = "<group>"; };
		18C2DAD9249F29C8006298E8 /* GoogleService-Info.plist */ = {isa = PBXFileReference; fileEncoding = 4; lastKnownFileType = text.plist.xml; path = "GoogleService-Info.plist"; sourceTree = "<group>"; };
		18C2DADB249F3A8D006298E8 /* DatabaseManager.swift */ = {isa = PBXFileReference; lastKnownFileType = sourcecode.swift; path = DatabaseManager.swift; sourceTree = "<group>"; };
		870AB57547B91456073F8363 /* Pods-Messenger.debug.xcconfig */ = {isa = PBXFileReference; includeInIndex = 1; lastKnownFileType = text.xcconfig; name = "Pods-Messenger.debug.xcconfig"; path = "Target Support Files/Pods-Messenger/Pods-Messenger.debug.xcconfig"; sourceTree = "<group>"; };
		CAC660517C3A641AA03CB695 /* Pods-Messenger.release.xcconfig */ = {isa = PBXFileReference; includeInIndex = 1; lastKnownFileType = text.xcconfig; name = "Pods-Messenger.release.xcconfig"; path = "Target Support Files/Pods-Messenger/Pods-Messenger.release.xcconfig"; sourceTree = "<group>"; };
		EEE887990D092ADF931FD6E5 /* Pods_Messenger.framework */ = {isa = PBXFileReference; explicitFileType = wrapper.framework; includeInIndex = 0; path = Pods_Messenger.framework; sourceTree = BUILT_PRODUCTS_DIR; };
/* End PBXFileReference section */

/* Begin PBXFrameworksBuildPhase section */
		18115A9A249E3EDD0008474F /* Frameworks */ = {
			isa = PBXFrameworksBuildPhase;
			buildActionMask = 2147483647;
			files = (
				812D4ED9F8923302E46C010D /* Pods_Messenger.framework in Frameworks */,
			);
			runOnlyForDeploymentPostprocessing = 0;
		};
/* End PBXFrameworksBuildPhase section */

/* Begin PBXGroup section */
		18115A94249E3EDD0008474F = {
			isa = PBXGroup;
			children = (
				18C2DAD9249F29C8006298E8 /* GoogleService-Info.plist */,
				18115A9F249E3EDD0008474F /* Messenger */,
				18115A9E249E3EDD0008474F /* Products */,
				C2E343EC60E574D710605F20 /* Pods */,
				22A7F32FC43144AC32CE8687 /* Frameworks */,
			);
			sourceTree = "<group>";
		};
		18115A9E249E3EDD0008474F /* Products */ = {
			isa = PBXGroup;
			children = (
				18115A9D249E3EDD0008474F /* Messenger.app */,
			);
			name = Products;
			sourceTree = "<group>";
		};
		18115A9F249E3EDD0008474F /* Messenger */ = {
			isa = PBXGroup;
			children = (
				18115AB8249E3FA70008474F /* Resources */,
				18115AB7249E3F9C0008474F /* ViewModels */,
				18115AB6249E3F910008474F /* Models */,
				18115AB5249E3F8A0008474F /* Views */,
				18115AB4249E3F7F0008474F /* Controllers */,
				18115AAE249E3EDF0008474F /* Info.plist */,
			);
			path = Messenger;
			sourceTree = "<group>";
		};
		18115AB4249E3F7F0008474F /* Controllers */ = {
			isa = PBXGroup;
			children = (
				18115ABA249E41100008474F /* ConversationsViewController.swift */,
				18115AC8249E43270008474F /* Login */,
				18115AC0249E41BC0008474F /* PhotoViewerViewController.swift */,
				18115AC2249E41D00008474F /* VideoPlayerViewController.swift */,
				18115AC4249E42010008474F /* NewConversationViewController.swift */,
				18115AC6249E421C0008474F /* ProfileViewController.swift */,
				1816BB9C24A4F23000EBD3E9 /* ChatViewController.swift */,
			);
			path = Controllers;
			sourceTree = "<group>";
		};
		18115AB5249E3F8A0008474F /* Views */ = {
			isa = PBXGroup;
			children = (
				18115AB9249E3FFE0008474F /* Storyboards */,
				18115AA9249E3EDF0008474F /* Assets.xcassets */,
			);
			path = Views;
			sourceTree = "<group>";
		};
		18115AB6249E3F910008474F /* Models */ = {
			isa = PBXGroup;
			children = (
			);
			path = Models;
			sourceTree = "<group>";
		};
		18115AB7249E3F9C0008474F /* ViewModels */ = {
			isa = PBXGroup;
			children = (
			);
			path = ViewModels;
			sourceTree = "<group>";
		};
		18115AB8249E3FA70008474F /* Resources */ = {
			isa = PBXGroup;
			children = (
				18115AA0249E3EDD0008474F /* AppDelegate.swift */,
				18115AA2249E3EDD0008474F /* SceneDelegate.swift */,
				18115ACD249E472F0008474F /* Extensions.swift */,
				18C2DADB249F3A8D006298E8 /* DatabaseManager.swift */,
			);
			path = Resources;
			sourceTree = "<group>";
		};
		18115AB9249E3FFE0008474F /* Storyboards */ = {
			isa = PBXGroup;
			children = (
				18115AA6249E3EDD0008474F /* Main.storyboard */,
				18115AAB249E3EDF0008474F /* LaunchScreen.storyboard */,
			);
			path = Storyboards;
			sourceTree = "<group>";
		};
		18115AC8249E43270008474F /* Login */ = {
			isa = PBXGroup;
			children = (
				18115AC9249E437D0008474F /* LoginViewController.swift */,
				18115ACB249E439C0008474F /* RegisterViewController.swift */,
			);
			path = Login;
			sourceTree = "<group>";
		};
		22A7F32FC43144AC32CE8687 /* Frameworks */ = {
			isa = PBXGroup;
			children = (
				EEE887990D092ADF931FD6E5 /* Pods_Messenger.framework */,
			);
			name = Frameworks;
			sourceTree = "<group>";
		};
		C2E343EC60E574D710605F20 /* Pods */ = {
			isa = PBXGroup;
			children = (
				870AB57547B91456073F8363 /* Pods-Messenger.debug.xcconfig */,
				CAC660517C3A641AA03CB695 /* Pods-Messenger.release.xcconfig */,
			);
			path = Pods;
			sourceTree = "<group>";
		};
/* End PBXGroup section */

/* Begin PBXNativeTarget section */
		18115A9C249E3EDD0008474F /* Messenger */ = {
			isa = PBXNativeTarget;
			buildConfigurationList = 18115AB1249E3EDF0008474F /* Build configuration list for PBXNativeTarget "Messenger" */;
			buildPhases = (
				8C243EA0B09A24DD27938997 /* [CP] Check Pods Manifest.lock */,
				18115A99249E3EDD0008474F /* Sources */,
				18115A9A249E3EDD0008474F /* Frameworks */,
				18115A9B249E3EDD0008474F /* Resources */,
				5D92AC7AE2829B798A30EB4F /* [CP] Embed Pods Frameworks */,
				396B01E678AC38BCAF87C7AC /* [CP] Copy Pods Resources */,
			);
			buildRules = (
			);
			dependencies = (
			);
			name = Messenger;
			productName = Messenger;
			productReference = 18115A9D249E3EDD0008474F /* Messenger.app */;
			productType = "com.apple.product-type.application";
		};
/* End PBXNativeTarget section */

/* Begin PBXProject section */
		18115A95249E3EDD0008474F /* Project object */ = {
			isa = PBXProject;
			attributes = {
				LastSwiftUpdateCheck = 1150;
				LastUpgradeCheck = 1150;
				ORGANIZATIONNAME = JH;
				TargetAttributes = {
					18115A9C249E3EDD0008474F = {
						CreatedOnToolsVersion = 11.5;
					};
				};
			};
			buildConfigurationList = 18115A98249E3EDD0008474F /* Build configuration list for PBXProject "Messenger" */;
			compatibilityVersion = "Xcode 9.3";
			developmentRegion = en;
			hasScannedForEncodings = 0;
			knownRegions = (
				en,
				Base,
			);
			mainGroup = 18115A94249E3EDD0008474F;
			productRefGroup = 18115A9E249E3EDD0008474F /* Products */;
			projectDirPath = "";
			projectRoot = "";
			targets = (
				18115A9C249E3EDD0008474F /* Messenger */,
			);
		};
/* End PBXProject section */

/* Begin PBXResourcesBuildPhase section */
		18115A9B249E3EDD0008474F /* Resources */ = {
			isa = PBXResourcesBuildPhase;
			buildActionMask = 2147483647;
			files = (
				18115AAD249E3EDF0008474F /* LaunchScreen.storyboard in Resources */,
				18C2DADA249F29C8006298E8 /* GoogleService-Info.plist in Resources */,
				18115AAA249E3EDF0008474F /* Assets.xcassets in Resources */,
				18115AA8249E3EDD0008474F /* Main.storyboard in Resources */,
			);
			runOnlyForDeploymentPostprocessing = 0;
		};
/* End PBXResourcesBuildPhase section */

/* Begin PBXShellScriptBuildPhase section */
		396B01E678AC38BCAF87C7AC /* [CP] Copy Pods Resources */ = {
			isa = PBXShellScriptBuildPhase;
			buildActionMask = 2147483647;
			files = (
			);
			inputFileListPaths = (
				"${PODS_ROOT}/Target Support Files/Pods-Messenger/Pods-Messenger-resources-${CONFIGURATION}-input-files.xcfilelist",
			);
			name = "[CP] Copy Pods Resources";
			outputFileListPaths = (
				"${PODS_ROOT}/Target Support Files/Pods-Messenger/Pods-Messenger-resources-${CONFIGURATION}-output-files.xcfilelist",
			);
			runOnlyForDeploymentPostprocessing = 0;
			shellPath = /bin/sh;
			shellScript = "\"${PODS_ROOT}/Target Support Files/Pods-Messenger/Pods-Messenger-resources.sh\"\n";
			showEnvVarsInLog = 0;
		};
		5D92AC7AE2829B798A30EB4F /* [CP] Embed Pods Frameworks */ = {
			isa = PBXShellScriptBuildPhase;
			buildActionMask = 2147483647;
			files = (
			);
			inputFileListPaths = (
				"${PODS_ROOT}/Target Support Files/Pods-Messenger/Pods-Messenger-frameworks-${CONFIGURATION}-input-files.xcfilelist",
			);
			name = "[CP] Embed Pods Frameworks";
			outputFileListPaths = (
				"${PODS_ROOT}/Target Support Files/Pods-Messenger/Pods-Messenger-frameworks-${CONFIGURATION}-output-files.xcfilelist",
			);
			runOnlyForDeploymentPostprocessing = 0;
			shellPath = /bin/sh;
			shellScript = "\"${PODS_ROOT}/Target Support Files/Pods-Messenger/Pods-Messenger-frameworks.sh\"\n";
			showEnvVarsInLog = 0;
		};
		8C243EA0B09A24DD27938997 /* [CP] Check Pods Manifest.lock */ = {
			isa = PBXShellScriptBuildPhase;
			buildActionMask = 2147483647;
			files = (
			);
			inputFileListPaths = (
			);
			inputPaths = (
				"${PODS_PODFILE_DIR_PATH}/Podfile.lock",
				"${PODS_ROOT}/Manifest.lock",
			);
			name = "[CP] Check Pods Manifest.lock";
			outputFileListPaths = (
			);
			outputPaths = (
				"$(DERIVED_FILE_DIR)/Pods-Messenger-checkManifestLockResult.txt",
			);
			runOnlyForDeploymentPostprocessing = 0;
			shellPath = /bin/sh;
			shellScript = "diff \"${PODS_PODFILE_DIR_PATH}/Podfile.lock\" \"${PODS_ROOT}/Manifest.lock\" > /dev/null\nif [ $? != 0 ] ; then\n    # print error to STDERR\n    echo \"error: The sandbox is not in sync with the Podfile.lock. Run 'pod install' or update your CocoaPods installation.\" >&2\n    exit 1\nfi\n# This output is used by Xcode 'outputs' to avoid re-running this script phase.\necho \"SUCCESS\" > \"${SCRIPT_OUTPUT_FILE_0}\"\n";
			showEnvVarsInLog = 0;
		};
/* End PBXShellScriptBuildPhase section */

/* Begin PBXSourcesBuildPhase section */
		18115A99249E3EDD0008474F /* Sources */ = {
			isa = PBXSourcesBuildPhase;
			buildActionMask = 2147483647;
			files = (
				18115ACC249E439C0008474F /* RegisterViewController.swift in Sources */,
				18C2DADC249F3A8D006298E8 /* DatabaseManager.swift in Sources */,
				18115ACA249E437D0008474F /* LoginViewController.swift in Sources */,
				18115AC5249E42010008474F /* NewConversationViewController.swift in Sources */,
				18115ABB249E41100008474F /* ConversationsViewController.swift in Sources */,
				18115AC3249E41D00008474F /* VideoPlayerViewController.swift in Sources */,
				18115ACE249E472F0008474F /* Extensions.swift in Sources */,
				18115AA1249E3EDD0008474F /* AppDelegate.swift in Sources */,
				18115AC7249E421C0008474F /* ProfileViewController.swift in Sources */,
				18115AA3249E3EDD0008474F /* SceneDelegate.swift in Sources */,
				1816BB9D24A4F23000EBD3E9 /* ChatViewController.swift in Sources */,
				18115AC1249E41BC0008474F /* PhotoViewerViewController.swift in Sources */,
			);
			runOnlyForDeploymentPostprocessing = 0;
		};
/* End PBXSourcesBuildPhase section */

/* Begin PBXVariantGroup section */
		18115AA6249E3EDD0008474F /* Main.storyboard */ = {
			isa = PBXVariantGroup;
			children = (
				18115AA7249E3EDD0008474F /* Base */,
			);
			name = Main.storyboard;
			sourceTree = "<group>";
		};
		18115AAB249E3EDF0008474F /* LaunchScreen.storyboard */ = {
			isa = PBXVariantGroup;
			children = (
				18115AAC249E3EDF0008474F /* Base */,
			);
			name = LaunchScreen.storyboard;
			sourceTree = "<group>";
		};
/* End PBXVariantGroup section */

/* Begin XCBuildConfiguration section */
		18115AAF249E3EDF0008474F /* Debug */ = {
			isa = XCBuildConfiguration;
			buildSettings = {
				ALWAYS_SEARCH_USER_PATHS = NO;
				CLANG_ANALYZER_NONNULL = YES;
				CLANG_ANALYZER_NUMBER_OBJECT_CONVERSION = YES_AGGRESSIVE;
				CLANG_CXX_LANGUAGE_STANDARD = "gnu++14";
				CLANG_CXX_LIBRARY = "libc++";
				CLANG_ENABLE_MODULES = YES;
				CLANG_ENABLE_OBJC_ARC = YES;
				CLANG_ENABLE_OBJC_WEAK = YES;
				CLANG_WARN_BLOCK_CAPTURE_AUTORELEASING = YES;
				CLANG_WARN_BOOL_CONVERSION = YES;
				CLANG_WARN_COMMA = YES;
				CLANG_WARN_CONSTANT_CONVERSION = YES;
				CLANG_WARN_DEPRECATED_OBJC_IMPLEMENTATIONS = YES;
				CLANG_WARN_DIRECT_OBJC_ISA_USAGE = YES_ERROR;
				CLANG_WARN_DOCUMENTATION_COMMENTS = YES;
				CLANG_WARN_EMPTY_BODY = YES;
				CLANG_WARN_ENUM_CONVERSION = YES;
				CLANG_WARN_INFINITE_RECURSION = YES;
				CLANG_WARN_INT_CONVERSION = YES;
				CLANG_WARN_NON_LITERAL_NULL_CONVERSION = YES;
				CLANG_WARN_OBJC_IMPLICIT_RETAIN_SELF = YES;
				CLANG_WARN_OBJC_LITERAL_CONVERSION = YES;
				CLANG_WARN_OBJC_ROOT_CLASS = YES_ERROR;
				CLANG_WARN_RANGE_LOOP_ANALYSIS = YES;
				CLANG_WARN_STRICT_PROTOTYPES = YES;
				CLANG_WARN_SUSPICIOUS_MOVE = YES;
				CLANG_WARN_UNGUARDED_AVAILABILITY = YES_AGGRESSIVE;
				CLANG_WARN_UNREACHABLE_CODE = YES;
				CLANG_WARN__DUPLICATE_METHOD_MATCH = YES;
				COPY_PHASE_STRIP = NO;
				DEBUG_INFORMATION_FORMAT = dwarf;
				ENABLE_STRICT_OBJC_MSGSEND = YES;
				ENABLE_TESTABILITY = YES;
				GCC_C_LANGUAGE_STANDARD = gnu11;
				GCC_DYNAMIC_NO_PIC = NO;
				GCC_NO_COMMON_BLOCKS = YES;
				GCC_OPTIMIZATION_LEVEL = 0;
				GCC_PREPROCESSOR_DEFINITIONS = (
					"DEBUG=1",
					"$(inherited)",
				);
				GCC_WARN_64_TO_32_BIT_CONVERSION = YES;
				GCC_WARN_ABOUT_RETURN_TYPE = YES_ERROR;
				GCC_WARN_UNDECLARED_SELECTOR = YES;
				GCC_WARN_UNINITIALIZED_AUTOS = YES_AGGRESSIVE;
				GCC_WARN_UNUSED_FUNCTION = YES;
				GCC_WARN_UNUSED_VARIABLE = YES;
				IPHONEOS_DEPLOYMENT_TARGET = 13.5;
				MTL_ENABLE_DEBUG_INFO = INCLUDE_SOURCE;
				MTL_FAST_MATH = YES;
				ONLY_ACTIVE_ARCH = YES;
				SDKROOT = iphoneos;
				SWIFT_ACTIVE_COMPILATION_CONDITIONS = DEBUG;
				SWIFT_OPTIMIZATION_LEVEL = "-Onone";
			};
			name = Debug;
		};
		18115AB0249E3EDF0008474F /* Release */ = {
			isa = XCBuildConfiguration;
			buildSettings = {
				ALWAYS_SEARCH_USER_PATHS = NO;
				CLANG_ANALYZER_NONNULL = YES;
				CLANG_ANALYZER_NUMBER_OBJECT_CONVERSION = YES_AGGRESSIVE;
				CLANG_CXX_LANGUAGE_STANDARD = "gnu++14";
				CLANG_CXX_LIBRARY = "libc++";
				CLANG_ENABLE_MODULES = YES;
				CLANG_ENABLE_OBJC_ARC = YES;
				CLANG_ENABLE_OBJC_WEAK = YES;
				CLANG_WARN_BLOCK_CAPTURE_AUTORELEASING = YES;
				CLANG_WARN_BOOL_CONVERSION = YES;
				CLANG_WARN_COMMA = YES;
				CLANG_WARN_CONSTANT_CONVERSION = YES;
				CLANG_WARN_DEPRECATED_OBJC_IMPLEMENTATIONS = YES;
				CLANG_WARN_DIRECT_OBJC_ISA_USAGE = YES_ERROR;
				CLANG_WARN_DOCUMENTATION_COMMENTS = YES;
				CLANG_WARN_EMPTY_BODY = YES;
				CLANG_WARN_ENUM_CONVERSION = YES;
				CLANG_WARN_INFINITE_RECURSION = YES;
				CLANG_WARN_INT_CONVERSION = YES;
				CLANG_WARN_NON_LITERAL_NULL_CONVERSION = YES;
				CLANG_WARN_OBJC_IMPLICIT_RETAIN_SELF = YES;
				CLANG_WARN_OBJC_LITERAL_CONVERSION = YES;
				CLANG_WARN_OBJC_ROOT_CLASS = YES_ERROR;
				CLANG_WARN_RANGE_LOOP_ANALYSIS = YES;
				CLANG_WARN_STRICT_PROTOTYPES = YES;
				CLANG_WARN_SUSPICIOUS_MOVE = YES;
				CLANG_WARN_UNGUARDED_AVAILABILITY = YES_AGGRESSIVE;
				CLANG_WARN_UNREACHABLE_CODE = YES;
				CLANG_WARN__DUPLICATE_METHOD_MATCH = YES;
				COPY_PHASE_STRIP = NO;
				DEBUG_INFORMATION_FORMAT = "dwarf-with-dsym";
				ENABLE_NS_ASSERTIONS = NO;
				ENABLE_STRICT_OBJC_MSGSEND = YES;
				GCC_C_LANGUAGE_STANDARD = gnu11;
				GCC_NO_COMMON_BLOCKS = YES;
				GCC_WARN_64_TO_32_BIT_CONVERSION = YES;
				GCC_WARN_ABOUT_RETURN_TYPE = YES_ERROR;
				GCC_WARN_UNDECLARED_SELECTOR = YES;
				GCC_WARN_UNINITIALIZED_AUTOS = YES_AGGRESSIVE;
				GCC_WARN_UNUSED_FUNCTION = YES;
				GCC_WARN_UNUSED_VARIABLE = YES;
				IPHONEOS_DEPLOYMENT_TARGET = 13.5;
				MTL_ENABLE_DEBUG_INFO = NO;
				MTL_FAST_MATH = YES;
				SDKROOT = iphoneos;
				SWIFT_COMPILATION_MODE = wholemodule;
				SWIFT_OPTIMIZATION_LEVEL = "-O";
				VALIDATE_PRODUCT = YES;
			};
			name = Release;
		};
		18115AB2249E3EDF0008474F /* Debug */ = {
			isa = XCBuildConfiguration;
			baseConfigurationReference = 870AB57547B91456073F8363 /* Pods-Messenger.debug.xcconfig */;
			buildSettings = {
				ASSETCATALOG_COMPILER_APPICON_NAME = AppIcon;
				CODE_SIGN_STYLE = Automatic;
				DEVELOPMENT_TEAM = 58P548H5HJ;
				INFOPLIST_FILE = Messenger/Info.plist;
				IPHONEOS_DEPLOYMENT_TARGET = 13.0;
				LD_RUNPATH_SEARCH_PATHS = (
					"$(inherited)",
					"@executable_path/Frameworks",
				);
				PRODUCT_BUNDLE_IDENTIFIER = JH.Messenger;
				PRODUCT_NAME = "$(TARGET_NAME)";
				SWIFT_VERSION = 5.0;
				TARGETED_DEVICE_FAMILY = 1;
			};
			name = Debug;
		};
		18115AB3249E3EDF0008474F /* Release */ = {
			isa = XCBuildConfiguration;
			baseConfigurationReference = CAC660517C3A641AA03CB695 /* Pods-Messenger.release.xcconfig */;
			buildSettings = {
				ASSETCATALOG_COMPILER_APPICON_NAME = AppIcon;
				CODE_SIGN_STYLE = Automatic;
				DEVELOPMENT_TEAM = 58P548H5HJ;
				INFOPLIST_FILE = Messenger/Info.plist;
				IPHONEOS_DEPLOYMENT_TARGET = 13.0;
				LD_RUNPATH_SEARCH_PATHS = (
					"$(inherited)",
					"@executable_path/Frameworks",
				);
				PRODUCT_BUNDLE_IDENTIFIER = JH.Messenger;
				PRODUCT_NAME = "$(TARGET_NAME)";
				SWIFT_VERSION = 5.0;
				TARGETED_DEVICE_FAMILY = 1;
			};
			name = Release;
		};
/* End XCBuildConfiguration section */

/* Begin XCConfigurationList section */
		18115A98249E3EDD0008474F /* Build configuration list for PBXProject "Messenger" */ = {
			isa = XCConfigurationList;
			buildConfigurations = (
				18115AAF249E3EDF0008474F /* Debug */,
				18115AB0249E3EDF0008474F /* Release */,
			);
			defaultConfigurationIsVisible = 0;
			defaultConfigurationName = Release;
		};
		18115AB1249E3EDF0008474F /* Build configuration list for PBXNativeTarget "Messenger" */ = {
			isa = XCConfigurationList;
			buildConfigurations = (
				18115AB2249E3EDF0008474F /* Debug */,
				18115AB3249E3EDF0008474F /* Release */,
			);
			defaultConfigurationIsVisible = 0;
			defaultConfigurationName = Release;
		};
/* End XCConfigurationList section */
	};
	rootObject = 18115A95249E3EDD0008474F /* Project object */;
}
